
Microsoft Visual Studio Solution File, Format Version 12.00
# Visual Studio Version 17
VisualStudioVersion = 17.9.34728.123
MinimumVisualStudioVersion = 10.0.40219.1
Project("{FAE04EC0-301F-11D3-BF4B-00C04F79EFBC}") = "Dichash", "Dichash\Dichash.csproj", "{1D3CF7BB-B404-4AAF-B879-10C666874D9B}"
EndProject
Global
	GlobalSection(SolutionConfigurationPlatforms) = preSolution
		Debug|Any CPU = Debug|Any CPU
		Release|Any CPU = Release|Any CPU
	EndGlobalSection
	GlobalSection(ProjectConfigurationPlatforms) = postSolution
		{1D3CF7BB-B404-4AAF-B879-10C666874D9B}.Debug|Any CPU.ActiveCfg = Debug|Any CPU
		{1D3CF7BB-B404-4AAF-B879-10C666874D9B}.Debug|Any CPU.Build.0 = Debug|Any CPU
		{1D3CF7BB-B404-4AAF-B879-10C666874D9B}.Release|Any CPU.ActiveCfg = Release|Any CPU
		{1D3CF7BB-B404-4AAF-B879-10C666874D9B}.Release|Any CPU.Build.0 = Release|Any CPU
	EndGlobalSection
	GlobalSection(SolutionProperties) = preSolution
		HideSolutionNode = FALSE
	EndGlobalSection
	GlobalSection(ExtensibilityGlobals) = postSolution
		SolutionGuid = {EBE2A5B9-B2B3-4AFC-9FA5-F942866EFB0A}
	EndGlobalSection
EndGlobal
