
Microsoft Visual Studio Solution File, Format Version 12.00
# Visual Studio Version 17
VisualStudioVersion = 17.9.34728.123
MinimumVisualStudioVersion = 10.0.40219.1
Project("{FAE04EC0-301F-11D3-BF4B-00C04F79EFBC}") = "Iterfaces", "Iterfaces\Iterfaces.csproj", "{54AC51F8-C65E-49D0-8859-3892F8317C1C}"
EndProject
Global
	GlobalSection(SolutionConfigurationPlatforms) = preSolution
		Debug|Any CPU = Debug|Any CPU
		Release|Any CPU = Release|Any CPU
	EndGlobalSection
	GlobalSection(ProjectConfigurationPlatforms) = postSolution
		{54AC51F8-C65E-49D0-8859-3892F8317C1C}.Debug|Any CPU.ActiveCfg = Debug|Any CPU
		{54AC51F8-C65E-49D0-8859-3892F8317C1C}.Debug|Any CPU.Build.0 = Debug|Any CPU
		{54AC51F8-C65E-49D0-8859-3892F8317C1C}.Release|Any CPU.ActiveCfg = Release|Any CPU
		{54AC51F8-C65E-49D0-8859-3892F8317C1C}.Release|Any CPU.Build.0 = Release|Any CPU
	EndGlobalSection
	GlobalSection(SolutionProperties) = preSolution
		HideSolutionNode = FALSE
	EndGlobalSection
	GlobalSection(ExtensibilityGlobals) = postSolution
		SolutionGuid = {856CD3A2-7CE9-44DF-9E6B-EE321CB470C7}
	EndGlobalSection
EndGlobal
