
Microsoft Visual Studio Solution File, Format Version 12.00
# Visual Studio Version 17
VisualStudioVersion = 17.9.34728.123
MinimumVisualStudioVersion = 10.0.40219.1
Project("{FAE04EC0-301F-11D3-BF4B-00C04F79EFBC}") = "TryContaBancaria", "TryContaBancaria\TryContaBancaria.csproj", "{9F36F3C6-EDB3-4233-B4DB-F6B7FCC0FD3B}"
EndProject
Global
	GlobalSection(SolutionConfigurationPlatforms) = preSolution
		Debug|Any CPU = Debug|Any CPU
		Release|Any CPU = Release|Any CPU
	EndGlobalSection
	GlobalSection(ProjectConfigurationPlatforms) = postSolution
		{9F36F3C6-EDB3-4233-B4DB-F6B7FCC0FD3B}.Debug|Any CPU.ActiveCfg = Debug|Any CPU
		{9F36F3C6-EDB3-4233-B4DB-F6B7FCC0FD3B}.Debug|Any CPU.Build.0 = Debug|Any CPU
		{9F36F3C6-EDB3-4233-B4DB-F6B7FCC0FD3B}.Release|Any CPU.ActiveCfg = Release|Any CPU
		{9F36F3C6-EDB3-4233-B4DB-F6B7FCC0FD3B}.Release|Any CPU.Build.0 = Release|Any CPU
	EndGlobalSection
	GlobalSection(SolutionProperties) = preSolution
		HideSolutionNode = FALSE
	EndGlobalSection
	GlobalSection(ExtensibilityGlobals) = postSolution
		SolutionGuid = {D725F1A3-8336-4366-A10D-DBE52371EA16}
	EndGlobalSection
EndGlobal
