
Microsoft Visual Studio Solution File, Format Version 12.00
# Visual Studio Version 17
VisualStudioVersion = 17.9.34728.123
MinimumVisualStudioVersion = 10.0.40219.1
Project("{FAE04EC0-301F-11D3-BF4B-00C04F79EFBC}") = "ConsoleApp2", "ConsoleApp2\ConsoleApp2.csproj", "{1DB3FA5D-73D6-4387-81F7-B09904F46B93}"
EndProject
Global
	GlobalSection(SolutionConfigurationPlatforms) = preSolution
		Debug|Any CPU = Debug|Any CPU
		Release|Any CPU = Release|Any CPU
	EndGlobalSection
	GlobalSection(ProjectConfigurationPlatforms) = postSolution
		{1DB3FA5D-73D6-4387-81F7-B09904F46B93}.Debug|Any CPU.ActiveCfg = Debug|Any CPU
		{1DB3FA5D-73D6-4387-81F7-B09904F46B93}.Debug|Any CPU.Build.0 = Debug|Any CPU
		{1DB3FA5D-73D6-4387-81F7-B09904F46B93}.Release|Any CPU.ActiveCfg = Release|Any CPU
		{1DB3FA5D-73D6-4387-81F7-B09904F46B93}.Release|Any CPU.Build.0 = Release|Any CPU
	EndGlobalSection
	GlobalSection(SolutionProperties) = preSolution
		HideSolutionNode = FALSE
	EndGlobalSection
	GlobalSection(ExtensibilityGlobals) = postSolution
		SolutionGuid = {857E18A2-BB90-43EE-B692-BBB4AB15BDDD}
	EndGlobalSection
EndGlobal
