
Microsoft Visual Studio Solution File, Format Version 12.00
# Visual Studio Version 17
VisualStudioVersion = 17.9.34728.123
MinimumVisualStudioVersion = 10.0.40219.1
Project("{FAE04EC0-301F-11D3-BF4B-00C04F79EFBC}") = "function", "function\function.csproj", "{3A97BB2F-53E8-46D8-94F8-FDA082D57A0E}"
EndProject
Global
	GlobalSection(SolutionConfigurationPlatforms) = preSolution
		Debug|Any CPU = Debug|Any CPU
		Release|Any CPU = Release|Any CPU
	EndGlobalSection
	GlobalSection(ProjectConfigurationPlatforms) = postSolution
		{3A97BB2F-53E8-46D8-94F8-FDA082D57A0E}.Debug|Any CPU.ActiveCfg = Debug|Any CPU
		{3A97BB2F-53E8-46D8-94F8-FDA082D57A0E}.Debug|Any CPU.Build.0 = Debug|Any CPU
		{3A97BB2F-53E8-46D8-94F8-FDA082D57A0E}.Release|Any CPU.ActiveCfg = Release|Any CPU
		{3A97BB2F-53E8-46D8-94F8-FDA082D57A0E}.Release|Any CPU.Build.0 = Release|Any CPU
	EndGlobalSection
	GlobalSection(SolutionProperties) = preSolution
		HideSolutionNode = FALSE
	EndGlobalSection
	GlobalSection(ExtensibilityGlobals) = postSolution
		SolutionGuid = {EB8E6A1C-ED51-415B-A30F-F91576E55328}
	EndGlobalSection
EndGlobal
