
Microsoft Visual Studio Solution File, Format Version 12.00
# Visual Studio Version 17
VisualStudioVersion = 17.9.34728.123
MinimumVisualStudioVersion = 10.0.40219.1
Project("{FAE04EC0-301F-11D3-BF4B-00C04F79EFBC}") = "casting", "casting\casting.csproj", "{0324095E-24EA-417D-83EA-713BB174EE65}"
EndProject
Global
	GlobalSection(SolutionConfigurationPlatforms) = preSolution
		Debug|Any CPU = Debug|Any CPU
		Release|Any CPU = Release|Any CPU
	EndGlobalSection
	GlobalSection(ProjectConfigurationPlatforms) = postSolution
		{0324095E-24EA-417D-83EA-713BB174EE65}.Debug|Any CPU.ActiveCfg = Debug|Any CPU
		{0324095E-24EA-417D-83EA-713BB174EE65}.Debug|Any CPU.Build.0 = Debug|Any CPU
		{0324095E-24EA-417D-83EA-713BB174EE65}.Release|Any CPU.ActiveCfg = Release|Any CPU
		{0324095E-24EA-417D-83EA-713BB174EE65}.Release|Any CPU.Build.0 = Release|Any CPU
	EndGlobalSection
	GlobalSection(SolutionProperties) = preSolution
		HideSolutionNode = FALSE
	EndGlobalSection
	GlobalSection(ExtensibilityGlobals) = postSolution
		SolutionGuid = {1E72F857-761D-4E4A-A234-896D1FEAF657}
	EndGlobalSection
EndGlobal
