
Microsoft Visual Studio Solution File, Format Version 12.00
# Visual Studio Version 17
VisualStudioVersion = 17.9.34728.123
MinimumVisualStudioVersion = 10.0.40219.1
Project("{FAE04EC0-301F-11D3-BF4B-00C04F79EFBC}") = "IterfaceComparable", "IterfaceComparable\IterfaceComparable.csproj", "{423194D4-390C-4980-9CC9-E4A428FF2EFD}"
EndProject
Global
	GlobalSection(SolutionConfigurationPlatforms) = preSolution
		Debug|Any CPU = Debug|Any CPU
		Release|Any CPU = Release|Any CPU
	EndGlobalSection
	GlobalSection(ProjectConfigurationPlatforms) = postSolution
		{423194D4-390C-4980-9CC9-E4A428FF2EFD}.Debug|Any CPU.ActiveCfg = Debug|Any CPU
		{423194D4-390C-4980-9CC9-E4A428FF2EFD}.Debug|Any CPU.Build.0 = Debug|Any CPU
		{423194D4-390C-4980-9CC9-E4A428FF2EFD}.Release|Any CPU.ActiveCfg = Release|Any CPU
		{423194D4-390C-4980-9CC9-E4A428FF2EFD}.Release|Any CPU.Build.0 = Release|Any CPU
	EndGlobalSection
	GlobalSection(SolutionProperties) = preSolution
		HideSolutionNode = FALSE
	EndGlobalSection
	GlobalSection(ExtensibilityGlobals) = postSolution
		SolutionGuid = {D4F4D996-DEBB-461C-9E82-F23249CAD5CD}
	EndGlobalSection
EndGlobal
