
Microsoft Visual Studio Solution File, Format Version 12.00
# Visual Studio Version 17
VisualStudioVersion = 17.9.34728.123
MinimumVisualStudioVersion = 10.0.40219.1
Project("{FAE04EC0-301F-11D3-BF4B-00C04F79EFBC}") = "Directory", "Directory\Directory.csproj", "{EE7664F4-BDCA-42C6-9B25-56145E8B9CBA}"
EndProject
Global
	GlobalSection(SolutionConfigurationPlatforms) = preSolution
		Debug|Any CPU = Debug|Any CPU
		Release|Any CPU = Release|Any CPU
	EndGlobalSection
	GlobalSection(ProjectConfigurationPlatforms) = postSolution
		{EE7664F4-BDCA-42C6-9B25-56145E8B9CBA}.Debug|Any CPU.ActiveCfg = Debug|Any CPU
		{EE7664F4-BDCA-42C6-9B25-56145E8B9CBA}.Debug|Any CPU.Build.0 = Debug|Any CPU
		{EE7664F4-BDCA-42C6-9B25-56145E8B9CBA}.Release|Any CPU.ActiveCfg = Release|Any CPU
		{EE7664F4-BDCA-42C6-9B25-56145E8B9CBA}.Release|Any CPU.Build.0 = Release|Any CPU
	EndGlobalSection
	GlobalSection(SolutionProperties) = preSolution
		HideSolutionNode = FALSE
	EndGlobalSection
	GlobalSection(ExtensibilityGlobals) = postSolution
		SolutionGuid = {05C62709-E6E4-46F1-BC02-7A7F84BCA4BE}
	EndGlobalSection
EndGlobal
