
Microsoft Visual Studio Solution File, Format Version 12.00
# Visual Studio Version 17
VisualStudioVersion = 17.9.34728.123
MinimumVisualStudioVersion = 10.0.40219.1
Project("{FAE04EC0-301F-11D3-BF4B-00C04F79EFBC}") = "ExSet", "ExSet\ExSet.csproj", "{5281EB18-56D7-4311-8C84-46120014B013}"
EndProject
Global
	GlobalSection(SolutionConfigurationPlatforms) = preSolution
		Debug|Any CPU = Debug|Any CPU
		Release|Any CPU = Release|Any CPU
	EndGlobalSection
	GlobalSection(ProjectConfigurationPlatforms) = postSolution
		{5281EB18-56D7-4311-8C84-46120014B013}.Debug|Any CPU.ActiveCfg = Debug|Any CPU
		{5281EB18-56D7-4311-8C84-46120014B013}.Debug|Any CPU.Build.0 = Debug|Any CPU
		{5281EB18-56D7-4311-8C84-46120014B013}.Release|Any CPU.ActiveCfg = Release|Any CPU
		{5281EB18-56D7-4311-8C84-46120014B013}.Release|Any CPU.Build.0 = Release|Any CPU
	EndGlobalSection
	GlobalSection(SolutionProperties) = preSolution
		HideSolutionNode = FALSE
	EndGlobalSection
	GlobalSection(ExtensibilityGlobals) = postSolution
		SolutionGuid = {53621C8E-75A1-4BCD-9293-DC5DAC29F2D8}
	EndGlobalSection
EndGlobal
