
Microsoft Visual Studio Solution File, Format Version 12.00
# Visual Studio Version 17
VisualStudioVersion = 17.9.34728.123
MinimumVisualStudioVersion = 10.0.40219.1
Project("{FAE04EC0-301F-11D3-BF4B-00C04F79EFBC}") = "AbstractClass", "AbstractClass\AbstractClass.csproj", "{DC0E1DBD-9B67-42A5-A2EB-D2EC7A3FBAEE}"
EndProject
Global
	GlobalSection(SolutionConfigurationPlatforms) = preSolution
		Debug|Any CPU = Debug|Any CPU
		Release|Any CPU = Release|Any CPU
	EndGlobalSection
	GlobalSection(ProjectConfigurationPlatforms) = postSolution
		{DC0E1DBD-9B67-42A5-A2EB-D2EC7A3FBAEE}.Debug|Any CPU.ActiveCfg = Debug|Any CPU
		{DC0E1DBD-9B67-42A5-A2EB-D2EC7A3FBAEE}.Debug|Any CPU.Build.0 = Debug|Any CPU
		{DC0E1DBD-9B67-42A5-A2EB-D2EC7A3FBAEE}.Release|Any CPU.ActiveCfg = Release|Any CPU
		{DC0E1DBD-9B67-42A5-A2EB-D2EC7A3FBAEE}.Release|Any CPU.Build.0 = Release|Any CPU
	EndGlobalSection
	GlobalSection(SolutionProperties) = preSolution
		HideSolutionNode = FALSE
	EndGlobalSection
	GlobalSection(ExtensibilityGlobals) = postSolution
		SolutionGuid = {DF5078CA-1A26-4376-8B4D-96D1E700FC11}
	EndGlobalSection
EndGlobal
