
Microsoft Visual Studio Solution File, Format Version 12.00
# Visual Studio Version 17
VisualStudioVersion = 17.9.34728.123
MinimumVisualStudioVersion = 10.0.40219.1
Project("{FAE04EC0-301F-11D3-BF4B-00C04F79EFBC}") = "VetoresRevew", "VetoresRevew\VetoresRevew.csproj", "{7CBFC5F3-FC84-4EFC-BFFB-3AB2584EB43B}"
EndProject
Global
	GlobalSection(SolutionConfigurationPlatforms) = preSolution
		Debug|Any CPU = Debug|Any CPU
		Release|Any CPU = Release|Any CPU
	EndGlobalSection
	GlobalSection(ProjectConfigurationPlatforms) = postSolution
		{7CBFC5F3-FC84-4EFC-BFFB-3AB2584EB43B}.Debug|Any CPU.ActiveCfg = Debug|Any CPU
		{7CBFC5F3-FC84-4EFC-BFFB-3AB2584EB43B}.Debug|Any CPU.Build.0 = Debug|Any CPU
		{7CBFC5F3-FC84-4EFC-BFFB-3AB2584EB43B}.Release|Any CPU.ActiveCfg = Release|Any CPU
		{7CBFC5F3-FC84-4EFC-BFFB-3AB2584EB43B}.Release|Any CPU.Build.0 = Release|Any CPU
	EndGlobalSection
	GlobalSection(SolutionProperties) = preSolution
		HideSolutionNode = FALSE
	EndGlobalSection
	GlobalSection(ExtensibilityGlobals) = postSolution
		SolutionGuid = {6F320496-3198-4CB6-854B-ECD48D6035B2}
	EndGlobalSection
EndGlobal
