
Microsoft Visual Studio Solution File, Format Version 12.00
# Visual Studio Version 17
VisualStudioVersion = 17.9.34728.123
MinimumVisualStudioVersion = 10.0.40219.1
Project("{FAE04EC0-301F-11D3-BF4B-00C04F79EFBC}") = "ProductServer", "ProductServer\ProductServer.csproj", "{26BB7E37-A234-448A-B32B-BEE015BC9B20}"
EndProject
Global
	GlobalSection(SolutionConfigurationPlatforms) = preSolution
		Debug|Any CPU = Debug|Any CPU
		Release|Any CPU = Release|Any CPU
	EndGlobalSection
	GlobalSection(ProjectConfigurationPlatforms) = postSolution
		{26BB7E37-A234-448A-B32B-BEE015BC9B20}.Debug|Any CPU.ActiveCfg = Debug|Any CPU
		{26BB7E37-A234-448A-B32B-BEE015BC9B20}.Debug|Any CPU.Build.0 = Debug|Any CPU
		{26BB7E37-A234-448A-B32B-BEE015BC9B20}.Release|Any CPU.ActiveCfg = Release|Any CPU
		{26BB7E37-A234-448A-B32B-BEE015BC9B20}.Release|Any CPU.Build.0 = Release|Any CPU
	EndGlobalSection
	GlobalSection(SolutionProperties) = preSolution
		HideSolutionNode = FALSE
	EndGlobalSection
	GlobalSection(ExtensibilityGlobals) = postSolution
		SolutionGuid = {488E9749-F9BC-49FC-8EA4-BB617BFE72CF}
	EndGlobalSection
EndGlobal
