
Microsoft Visual Studio Solution File, Format Version 12.00
# Visual Studio Version 17
VisualStudioVersion = 17.9.34728.123
MinimumVisualStudioVersion = 10.0.40219.1
Project("{FAE04EC0-301F-11D3-BF4B-00C04F79EFBC}") = "ex_membros_estaticos", "ex_membros_estaticos\ex_membros_estaticos.csproj", "{7F0E0095-1B63-48FE-A055-B311CEFD1DFC}"
EndProject
Global
	GlobalSection(SolutionConfigurationPlatforms) = preSolution
		Debug|Any CPU = Debug|Any CPU
		Release|Any CPU = Release|Any CPU
	EndGlobalSection
	GlobalSection(ProjectConfigurationPlatforms) = postSolution
		{7F0E0095-1B63-48FE-A055-B311CEFD1DFC}.Debug|Any CPU.ActiveCfg = Debug|Any CPU
		{7F0E0095-1B63-48FE-A055-B311CEFD1DFC}.Debug|Any CPU.Build.0 = Debug|Any CPU
		{7F0E0095-1B63-48FE-A055-B311CEFD1DFC}.Release|Any CPU.ActiveCfg = Release|Any CPU
		{7F0E0095-1B63-48FE-A055-B311CEFD1DFC}.Release|Any CPU.Build.0 = Release|Any CPU
	EndGlobalSection
	GlobalSection(SolutionProperties) = preSolution
		HideSolutionNode = FALSE
	EndGlobalSection
	GlobalSection(ExtensibilityGlobals) = postSolution
		SolutionGuid = {B29256F3-D46C-4757-BD30-494C62180757}
	EndGlobalSection
EndGlobal
