
Microsoft Visual Studio Solution File, Format Version 12.00
# Visual Studio Version 17
VisualStudioVersion = 17.9.34728.123
MinimumVisualStudioVersion = 10.0.40219.1
Project("{FAE04EC0-301F-11D3-BF4B-00C04F79EFBC}") = "Ex01Linq", "Ex01Linq\Ex01Linq.csproj", "{814587CA-2FE2-412A-8411-2683A3E9F080}"
EndProject
Global
	GlobalSection(SolutionConfigurationPlatforms) = preSolution
		Debug|Any CPU = Debug|Any CPU
		Release|Any CPU = Release|Any CPU
	EndGlobalSection
	GlobalSection(ProjectConfigurationPlatforms) = postSolution
		{814587CA-2FE2-412A-8411-2683A3E9F080}.Debug|Any CPU.ActiveCfg = Debug|Any CPU
		{814587CA-2FE2-412A-8411-2683A3E9F080}.Debug|Any CPU.Build.0 = Debug|Any CPU
		{814587CA-2FE2-412A-8411-2683A3E9F080}.Release|Any CPU.ActiveCfg = Release|Any CPU
		{814587CA-2FE2-412A-8411-2683A3E9F080}.Release|Any CPU.Build.0 = Release|Any CPU
	EndGlobalSection
	GlobalSection(SolutionProperties) = preSolution
		HideSolutionNode = FALSE
	EndGlobalSection
	GlobalSection(ExtensibilityGlobals) = postSolution
		SolutionGuid = {ABB33F51-634C-4760-A958-F8962F565D95}
	EndGlobalSection
EndGlobal
