
Microsoft Visual Studio Solution File, Format Version 12.00
# Visual Studio Version 17
VisualStudioVersion = 17.9.34728.123
MinimumVisualStudioVersion = 10.0.40219.1
Project("{FAE04EC0-301F-11D3-BF4B-00C04F79EFBC}") = "ex01oop", "ex01oop\ex01oop.csproj", "{446AC761-1587-4622-91DB-34C7F8502763}"
EndProject
Global
	GlobalSection(SolutionConfigurationPlatforms) = preSolution
		Debug|Any CPU = Debug|Any CPU
		Release|Any CPU = Release|Any CPU
	EndGlobalSection
	GlobalSection(ProjectConfigurationPlatforms) = postSolution
		{446AC761-1587-4622-91DB-34C7F8502763}.Debug|Any CPU.ActiveCfg = Debug|Any CPU
		{446AC761-1587-4622-91DB-34C7F8502763}.Debug|Any CPU.Build.0 = Debug|Any CPU
		{446AC761-1587-4622-91DB-34C7F8502763}.Release|Any CPU.ActiveCfg = Release|Any CPU
		{446AC761-1587-4622-91DB-34C7F8502763}.Release|Any CPU.Build.0 = Release|Any CPU
	EndGlobalSection
	GlobalSection(SolutionProperties) = preSolution
		HideSolutionNode = FALSE
	EndGlobalSection
	GlobalSection(ExtensibilityGlobals) = postSolution
		SolutionGuid = {8BBF17D6-2426-4375-8D1D-F0348DD67A11}
	EndGlobalSection
EndGlobal
